version = 1
revision = 3
requires-python = ">=3.12"

[[package]]
name = "dnspython"
version = "2.8.0"
source = { registry = "https://pypi.org/simple" }
sdist = { url = "https://files.pythonhosted.org/packages/8c/8b/57666417c0f90f08bcafa776861060426765fdb422eb10212086fb811d26/dnspython-2.8.0.tar.gz", hash = "sha256:181d3c6996452cb1189c4046c61599b84a5a86e099562ffde77d26984ff26d0f", size = 368251, upload-time = "2025-09-07T18:58:00.022Z" }
wheels = [
    { url = "https://files.pythonhosted.org/packages/ba/5a/18ad964b0086c6e62e2e7500f7edc89e3faa45033c71c1893d34eed2b2de/dnspython-2.8.0-py3-none-any.whl", hash = "sha256:01d9bbc4a2d76bf0db7c1f729812ded6d912bd318d3b1cf81d30c0f845dbf3af", size = 331094, upload-time = "2025-09-07T18:57:58.071Z" },
]

[[package]]
name = "marshmallow"
version = "4.3.0"
source = { registry = "https://pypi.org/simple" }
sdist = { url = "https://files.pythonhosted.org/packages/25/7e/1dbd4096eb7c148cd2841841916f78820bb85a4d80a0c25c02d30815a7fb/marshmallow-4.3.0.tar.gz", hash = "sha256:fb43c53b3fe240b8f6af37223d6ef1636f927ad9bea8ab323afad95dff090880", size = 224485, upload-time = "2026-04-03T21:46:32.72Z" }
wheels = [
    { url = "https://files.pythonhosted.org/packages/f4/e0/ff24e25218bb59eb6290a530cea40651b14068b6e3659b20f9c175179632/marshmallow-4.3.0-py3-none-any.whl", hash = "sha256:46c4fe6984707e3cbd485dfebbf0a59874f58d695aad05c1668d15e8c6e13b46", size = 49148, upload-time = "2026-04-03T21:46:31.241Z" },
]

[[package]]
name = "marshmallow-mongoengine"
version = "0.31.2"
source = { registry = "https://pypi.org/simple" }
dependencies = [
    { name = "marshmallow" },
    { name = "mongoengine" },
]
sdist = { url = "https://files.pythonhosted.org/packages/63/72/5cabacd62c5b4f81a1e955e0c54bb86d1289621e384f522552806f9ee101/marshmallow-mongoengine-0.31.2.tar.gz", hash = "sha256:a708732456e1a36139c6ce52910b57cf2a54e7206c5c635a48dba9e3e157d6db", size = 11377, upload-time = "2023-03-14T05:42:51.825Z" }
wheels = [
    { url = "https://files.pythonhosted.org/packages/c4/ef/ec8be29d7f6dec0bae9391e8fae352a3d5b2ddb9be84a7d611a5b0e5c1de/marshmallow_mongoengine-0.31.2-py2.py3-none-any.whl", hash = "sha256:51de7614ce9002f9f679aebb6df7488297e791fbd07d9f14b963e9c7bce604ca", size = 12237, upload-time = "2023-03-14T05:42:50.515Z" },
]

[[package]]
name = "mongoengine"
version = "0.29.1"
source = { registry = "https://pypi.org/simple" }
dependencies = [
    { name = "pymongo" },
]
sdist = { url = "https://files.pythonhosted.org/packages/32/0b/f0bd3da47c77b2d48103b42b9a38a70de9c41c979dd681a9a6aff43bf2eb/mongoengine-0.29.1.tar.gz", hash = "sha256:3b43abaf2d5f0b7d39efc2b7d9e78f4d4a5dc7ce92b9889ba81a5a9b8dee3cf3", size = 168735, upload-time = "2024-09-19T08:41:22.487Z" }
wheels = [
    { url = "https://files.pythonhosted.org/packages/97/52/a0788a31f8ec2cfb508e1fb29c321d5082f0aa58bc88ba118c898e72f612/mongoengine-0.29.1-py3-none-any.whl", hash = "sha256:9302ec407dd60f47f62cc07684d9f6cac87f1e93283c54203851788104d33df4", size = 112377, upload-time = "2024-09-19T08:41:20.626Z" },
]

[[package]]
name = "natsort"
version = "8.4.0"
source = { registry = "https://pypi.org/simple" }
sdist = { url = "https://files.pythonhosted.org/packages/e2/a9/a0c57aee75f77794adaf35322f8b6404cbd0f89ad45c87197a937764b7d0/natsort-8.4.0.tar.gz", hash = "sha256:45312c4a0e5507593da193dedd04abb1469253b601ecaf63445ad80f0a1ea581", size = 76575, upload-time = "2023-06-20T04:17:19.925Z" }
wheels = [
    { url = "https://files.pythonhosted.org/packages/ef/82/7a9d0550484a62c6da82858ee9419f3dd1ccc9aa1c26a1e43da3ecd20b0d/natsort-8.4.0-py3-none-any.whl", hash = "sha256:4732914fb471f56b5cce04d7bae6f164a592c7712e1c85f9ef585e197299521c", size = 38268, upload-time = "2023-06-20T04:17:17.522Z" },
]

[[package]]
name = "pymongo"
version = "4.10.1"
source = { registry = "https://pypi.org/simple" }
dependencies = [
    { name = "dnspython" },
]
sdist = { url = "https://files.pythonhosted.org/packages/1a/35/b62a3139f908c68b69aac6a6a3f8cc146869de0a7929b994600e2c587c77/pymongo-4.10.1.tar.gz", hash = "sha256:a9de02be53b6bb98efe0b9eda84ffa1ec027fcb23a2de62c4f941d9a2f2f3330", size = 1903902, upload-time = "2024-10-01T23:07:58.525Z" }
wheels = [
    { url = "https://files.pythonhosted.org/packages/10/d1/60ad99fe3f64d45e6c71ac0e3078e88d9b64112b1bae571fc3707344d6d1/pymongo-4.10.1-cp312-cp312-macosx_10_13_x86_64.whl", hash = "sha256:fbedc4617faa0edf423621bb0b3b8707836687161210d470e69a4184be9ca011", size = 943356, upload-time = "2024-10-01T23:06:50.9Z" },
    { url = "https://files.pythonhosted.org/packages/ca/9b/21d4c6b4ee9c1fa9691c68dc2a52565e0acb644b9e95148569b4736a4ebd/pymongo-4.10.1-cp312-cp312-macosx_11_0_arm64.whl", hash = "sha256:7bd26b2aec8ceeb95a5d948d5cc0f62b0eb6d66f3f4230705c1e3d3d2c04ec76", size = 943142, upload-time = "2024-10-01T23:06:52.146Z" },
    { url = "https://files.pythonhosted.org/packages/07/af/691b7454e219a8eb2d1641aecedd607e3a94b93650c2011ad8a8fd74ef9f/pymongo-4.10.1-cp312-cp312-manylinux_2_17_aarch64.manylinux2014_aarch64.whl", hash = "sha256:fb104c3c2a78d9d85571c8ac90ec4f95bca9b297c6eee5ada71fabf1129e1674", size = 1909129, upload-time = "2024-10-01T23:06:53.551Z" },
    { url = "https://files.pythonhosted.org/packages/0c/74/fd75d5ad4181d6e71ce0fca32404fb71b5046ac84d9a1a2f0862262dd032/pymongo-4.10.1-cp312-cp312-manylinux_2_17_ppc64le.manylinux2014_ppc64le.whl", hash = "sha256:4924355245a9c79f77b5cda2db36e0f75ece5faf9f84d16014c0a297f6d66786", size = 1987763, upload-time = "2024-10-01T23:06:55.304Z" },
    { url = "https://files.pythonhosted.org/packages/8a/56/6d3d0ef63c6d8cb98c7c653a3a2e617675f77a95f3853851d17a7664876a/pymongo-4.10.1-cp312-cp312-manylinux_2_17_s390x.manylinux2014_s390x.whl", hash = "sha256:11280809e5dacaef4971113f0b4ff4696ee94cfdb720019ff4fa4f9635138252", size = 1950821, upload-time = "2024-10-01T23:06:57.541Z" },
    { url = "https://files.pythonhosted.org/packages/70/ed/1603fa0c0e51444752c3fa91f16c3a97e6d92eb9fe5e553dae4f18df16f6/pymongo-4.10.1-cp312-cp312-manylinux_2_17_x86_64.manylinux2014_x86_64.whl", hash = "sha256:e5d55f2a82e5eb23795f724991cac2bffbb1c0f219c0ba3bf73a835f97f1bb2e", size = 1912247, upload-time = "2024-10-01T23:06:59.023Z" },
    { url = "https://files.pythonhosted.org/packages/c1/66/e98b2308971d45667cb8179d4d66deca47336c90663a7e0527589f1038b7/pymongo-4.10.1-cp312-cp312-manylinux_2_5_i686.manylinux1_i686.manylinux_2_17_i686.manylinux2014_i686.whl", hash = "sha256:e974ab16a60be71a8dfad4e5afccf8dd05d41c758060f5d5bda9a758605d9a5d", size = 1862230, upload-time = "2024-10-01T23:07:01.407Z" },
    { url = "https://files.pythonhosted.org/packages/6c/80/ba9b7ed212a5f8cf8ad7037ed5bbebc1c587fc09242108f153776e4a338b/pymongo-4.10.1-cp312-cp312-win32.whl", hash = "sha256:544890085d9641f271d4f7a47684450ed4a7344d6b72d5968bfae32203b1bb7c", size = 903045, upload-time = "2024-10-01T23:07:02.973Z" },
    { url = "https://files.pythonhosted.org/packages/76/8b/5afce891d78159912c43726fab32641e3f9718f14be40f978c148ea8db48/pymongo-4.10.1-cp312-cp312-win_amd64.whl", hash = "sha256:dcc07b1277e8b4bf4d7382ca133850e323b7ab048b8353af496d050671c7ac52", size = 926686, upload-time = "2024-10-01T23:07:04.403Z" },
    { url = "https://files.pythonhosted.org/packages/83/76/df0fd0622a85b652ad0f91ec8a0ebfd0cb86af6caec8999a22a1f7481203/pymongo-4.10.1-cp313-cp313-macosx_10_13_x86_64.whl", hash = "sha256:90bc6912948dfc8c363f4ead54d54a02a15a7fee6cfafb36dc450fc8962d2cb7", size = 996981, upload-time = "2024-10-01T23:07:06.001Z" },
    { url = "https://files.pythonhosted.org/packages/4c/39/fa50531de8d1d8af8c253caeed20c18ccbf1de5d970119c4a42c89f2bd09/pymongo-4.10.1-cp313-cp313-macosx_11_0_arm64.whl", hash = "sha256:594dd721b81f301f33e843453638e02d92f63c198358e5a0fa8b8d0b1218dabc", size = 996769, upload-time = "2024-10-01T23:07:07.855Z" },
    { url = "https://files.pythonhosted.org/packages/bf/50/6936612c1b2e32d95c30e860552d3bc9e55cfa79a4f73b73225fa05a028c/pymongo-4.10.1-cp313-cp313-manylinux_2_17_aarch64.manylinux2014_aarch64.whl", hash = "sha256:0783e0c8e95397c84e9cf8ab092ab1e5dd7c769aec0ef3a5838ae7173b98dea0", size = 2169159, upload-time = "2024-10-01T23:07:09.963Z" },
    { url = "https://files.pythonhosted.org/packages/78/8c/45cb23096e66c7b1da62bb8d9c7ac2280e7c1071e13841e7fb71bd44fd9f/pymongo-4.10.1-cp313-cp313-manylinux_2_17_ppc64le.manylinux2014_ppc64le.whl", hash = "sha256:6fb6a72e88df46d1c1040fd32cd2d2c5e58722e5d3e31060a0393f04ad3283de", size = 2260569, upload-time = "2024-10-01T23:07:11.856Z" },
    { url = "https://files.pythonhosted.org/packages/29/b6/e5ec697087e527a6a15c5f8daa5bcbd641edb8813487345aaf963d3537dc/pymongo-4.10.1-cp313-cp313-manylinux_2_17_s390x.manylinux2014_s390x.whl", hash = "sha256:2e3a593333e20c87415420a4fb76c00b7aae49b6361d2e2205b6fece0563bf40", size = 2218142, upload-time = "2024-10-01T23:07:13.61Z" },
    { url = "https://files.pythonhosted.org/packages/ad/8a/c0b45bee0f0c57732c5c36da5122c1796efd5a62d585fbc504e2f1401244/pymongo-4.10.1-cp313-cp313-manylinux_2_17_x86_64.manylinux2014_x86_64.whl", hash = "sha256:72e2ace7456167c71cfeca7dcb47bd5dceda7db2231265b80fc625c5e8073186", size = 2170623, upload-time = "2024-10-01T23:07:15.319Z" },
    { url = "https://files.pythonhosted.org/packages/3b/26/6c0a5360a571df24c9bfbd51b1dae279f4f0c511bdbc0906f6df6d1543fa/pymongo-4.10.1-cp313-cp313-manylinux_2_5_i686.manylinux1_i686.manylinux_2_17_i686.manylinux2014_i686.whl", hash = "sha256:8ad05eb9c97e4f589ed9e74a00fcaac0d443ccd14f38d1258eb4c39a35dd722b", size = 2111112, upload-time = "2024-10-01T23:07:16.859Z" },
    { url = "https://files.pythonhosted.org/packages/38/bc/5b91b728e1cf505d931f04e24cbac71ae519523785570ed046cdc31e6efc/pymongo-4.10.1-cp313-cp313-win32.whl", hash = "sha256:ee4c86d8e6872a61f7888fc96577b0ea165eb3bdb0d841962b444fa36001e2bb", size = 948727, upload-time = "2024-10-01T23:07:18.275Z" },
    { url = "https://files.pythonhosted.org/packages/0d/2a/7c24a6144eaa06d18ed52822ea2b0f119fd9267cd1abbb75dae4d89a3803/pymongo-4.10.1-cp313-cp313-win_amd64.whl", hash = "sha256:45ee87a4e12337353242bc758accc7fb47a2f2d9ecc0382a61e64c8f01e86708", size = 976873, upload-time = "2024-10-01T23:07:19.721Z" },
]

[[package]]
name = "python-slugify"
version = "8.0.4"
source = { registry = "https://pypi.org/simple" }
dependencies = [
    { name = "text-unidecode" },
]
sdist = { url = "https://files.pythonhosted.org/packages/87/c7/5e1547c44e31da50a460df93af11a535ace568ef89d7a811069ead340c4a/python-slugify-8.0.4.tar.gz", hash = "sha256:59202371d1d05b54a9e7720c5e038f928f45daaffe41dd10822f3907b937c856", size = 10921, upload-time = "2024-02-08T18:32:45.488Z" }
wheels = [
    { url = "https://files.pythonhosted.org/packages/a4/62/02da182e544a51a5c3ccf4b03ab79df279f9c60c5e82d5e8bec7ca26ac11/python_slugify-8.0.4-py2.py3-none-any.whl", hash = "sha256:276540b79961052b66b7d116620b36518847f52d5fd9e3a70164fc8c50faa6b8", size = 10051, upload-time = "2024-02-08T18:32:43.911Z" },
]

[[package]]
name = "qhld-data"
version = "1.1.0"
source = { editable = "." }
dependencies = [
    { name = "marshmallow-mongoengine" },
    { name = "mongoengine" },
    { name = "natsort" },
    { name = "pymongo" },
    { name = "python-slugify" },
    { name = "regex" },
    { name = "six" },
]

[package.metadata]
requires-dist = [
    { name = "marshmallow-mongoengine", specifier = "==0.31.2" },
    { name = "mongoengine", specifier = "==0.29.1" },
    { name = "natsort", specifier = "==8.4.0" },
    { name = "pymongo", specifier = "==4.10.1" },
    { name = "python-slugify", specifier = "==8.0.4" },
    { name = "regex", specifier = "==2024.11.6" },
    { name = "six", specifier = "==1.16.0" },
]

[[package]]
name = "regex"
version = "2024.11.6"
source = { registry = "https://pypi.org/simple" }
sdist = { url = "https://files.pythonhosted.org/packages/8e/5f/bd69653fbfb76cf8604468d3b4ec4c403197144c7bfe0e6a5fc9e02a07cb/regex-2024.11.6.tar.gz", hash = "sha256:7ab159b063c52a0333c884e4679f8d7a85112ee3078fe3d9004b2dd875585519", size = 399494, upload-time = "2024-11-06T20:12:31.635Z" }
wheels = [
    { url = "https://files.pythonhosted.org/packages/ba/30/9a87ce8336b172cc232a0db89a3af97929d06c11ceaa19d97d84fa90a8f8/regex-2024.11.6-cp312-cp312-macosx_10_13_universal2.whl", hash = "sha256:52fb28f528778f184f870b7cf8f225f5eef0a8f6e3778529bdd40c7b3920796a", size = 483781, upload-time = "2024-11-06T20:10:07.07Z" },
    { url = "https://files.pythonhosted.org/packages/01/e8/00008ad4ff4be8b1844786ba6636035f7ef926db5686e4c0f98093612add/regex-2024.11.6-cp312-cp312-macosx_10_13_x86_64.whl", hash = "sha256:fdd6028445d2460f33136c55eeb1f601ab06d74cb3347132e1c24250187500d9", size = 288455, upload-time = "2024-11-06T20:10:09.117Z" },
    { url = "https://files.pythonhosted.org/packages/60/85/cebcc0aff603ea0a201667b203f13ba75d9fc8668fab917ac5b2de3967bc/regex-2024.11.6-cp312-cp312-macosx_11_0_arm64.whl", hash = "sha256:805e6b60c54bf766b251e94526ebad60b7de0c70f70a4e6210ee2891acb70bf2", size = 284759, upload-time = "2024-11-06T20:10:11.155Z" },
    { url = "https://files.pythonhosted.org/packages/94/2b/701a4b0585cb05472a4da28ee28fdfe155f3638f5e1ec92306d924e5faf0/regex-2024.11.6-cp312-cp312-manylinux_2_17_aarch64.manylinux2014_aarch64.whl", hash = "sha256:b85c2530be953a890eaffde05485238f07029600e8f098cdf1848d414a8b45e4", size = 794976, upload-time = "2024-11-06T20:10:13.24Z" },
    { url = "https://files.pythonhosted.org/packages/4b/bf/fa87e563bf5fee75db8915f7352e1887b1249126a1be4813837f5dbec965/regex-2024.11.6-cp312-cp312-manylinux_2_17_ppc64le.manylinux2014_ppc64le.whl", hash = "sha256:bb26437975da7dc36b7efad18aa9dd4ea569d2357ae6b783bf1118dabd9ea577", size = 833077, upload-time = "2024-11-06T20:10:15.37Z" },
    { url = "https://files.pythonhosted.org/packages/a1/56/7295e6bad94b047f4d0834e4779491b81216583c00c288252ef625c01d23/regex-2024.11.6-cp312-cp312-manylinux_2_17_s390x.manylinux2014_s390x.whl", hash = "sha256:abfa5080c374a76a251ba60683242bc17eeb2c9818d0d30117b4486be10c59d3", size = 823160, upload-time = "2024-11-06T20:10:19.027Z" },
    { url = "https://files.pythonhosted.org/packages/fb/13/e3b075031a738c9598c51cfbc4c7879e26729c53aa9cca59211c44235314/regex-2024.11.6-cp312-cp312-manylinux_2_17_x86_64.manylinux2014_x86_64.whl", hash = "sha256:70b7fa6606c2881c1db9479b0eaa11ed5dfa11c8d60a474ff0e095099f39d98e", size = 796896, upload-time = "2024-11-06T20:10:21.85Z" },
    { url = "https://files.pythonhosted.org/packages/24/56/0b3f1b66d592be6efec23a795b37732682520b47c53da5a32c33ed7d84e3/regex-2024.11.6-cp312-cp312-manylinux_2_5_i686.manylinux1_i686.manylinux_2_17_i686.manylinux2014_i686.whl", hash = "sha256:0c32f75920cf99fe6b6c539c399a4a128452eaf1af27f39bce8909c9a3fd8cbe", size = 783997, upload-time = "2024-11-06T20:10:24.329Z" },
    { url = "https://files.pythonhosted.org/packages/f9/a1/eb378dada8b91c0e4c5f08ffb56f25fcae47bf52ad18f9b2f33b83e6d498/regex-2024.11.6-cp312-cp312-musllinux_1_2_aarch64.whl", hash = "sha256:982e6d21414e78e1f51cf595d7f321dcd14de1f2881c5dc6a6e23bbbbd68435e", size = 781725, upload-time = "2024-11-06T20:10:28.067Z" },
    { url = "https://files.pythonhosted.org/packages/83/f2/033e7dec0cfd6dda93390089864732a3409246ffe8b042e9554afa9bff4e/regex-2024.11.6-cp312-cp312-musllinux_1_2_i686.whl", hash = "sha256:a7c2155f790e2fb448faed6dd241386719802296ec588a8b9051c1f5c481bc29", size = 789481, upload-time = "2024-11-06T20:10:31.612Z" },
    { url = "https://files.pythonhosted.org/packages/83/23/15d4552ea28990a74e7696780c438aadd73a20318c47e527b47a4a5a596d/regex-2024.11.6-cp312-cp312-musllinux_1_2_ppc64le.whl", hash = "sha256:149f5008d286636e48cd0b1dd65018548944e495b0265b45e1bffecce1ef7f39", size = 852896, upload-time = "2024-11-06T20:10:34.054Z" },
    { url = "https://files.pythonhosted.org/packages/e3/39/ed4416bc90deedbfdada2568b2cb0bc1fdb98efe11f5378d9892b2a88f8f/regex-2024.11.6-cp312-cp312-musllinux_1_2_s390x.whl", hash = "sha256:e5364a4502efca094731680e80009632ad6624084aff9a23ce8c8c6820de3e51", size = 860138, upload-time = "2024-11-06T20:10:36.142Z" },
    { url = "https://files.pythonhosted.org/packages/93/2d/dd56bb76bd8e95bbce684326302f287455b56242a4f9c61f1bc76e28360e/regex-2024.11.6-cp312-cp312-musllinux_1_2_x86_64.whl", hash = "sha256:0a86e7eeca091c09e021db8eb72d54751e527fa47b8d5787caf96d9831bd02ad", size = 787692, upload-time = "2024-11-06T20:10:38.394Z" },
    { url = "https://files.pythonhosted.org/packages/0b/55/31877a249ab7a5156758246b9c59539abbeba22461b7d8adc9e8475ff73e/regex-2024.11.6-cp312-cp312-win32.whl", hash = "sha256:32f9a4c643baad4efa81d549c2aadefaeba12249b2adc5af541759237eee1c54", size = 262135, upload-time = "2024-11-06T20:10:40.367Z" },
    { url = "https://files.pythonhosted.org/packages/38/ec/ad2d7de49a600cdb8dd78434a1aeffe28b9d6fc42eb36afab4a27ad23384/regex-2024.11.6-cp312-cp312-win_amd64.whl", hash = "sha256:a93c194e2df18f7d264092dc8539b8ffb86b45b899ab976aa15d48214138e81b", size = 273567, upload-time = "2024-11-06T20:10:43.467Z" },
    { url = "https://files.pythonhosted.org/packages/90/73/bcb0e36614601016552fa9344544a3a2ae1809dc1401b100eab02e772e1f/regex-2024.11.6-cp313-cp313-macosx_10_13_universal2.whl", hash = "sha256:a6ba92c0bcdf96cbf43a12c717eae4bc98325ca3730f6b130ffa2e3c3c723d84", size = 483525, upload-time = "2024-11-06T20:10:45.19Z" },
    { url = "https://files.pythonhosted.org/packages/0f/3f/f1a082a46b31e25291d830b369b6b0c5576a6f7fb89d3053a354c24b8a83/regex-2024.11.6-cp313-cp313-macosx_10_13_x86_64.whl", hash = "sha256:525eab0b789891ac3be914d36893bdf972d483fe66551f79d3e27146191a37d4", size = 288324, upload-time = "2024-11-06T20:10:47.177Z" },
    { url = "https://files.pythonhosted.org/packages/09/c9/4e68181a4a652fb3ef5099e077faf4fd2a694ea6e0f806a7737aff9e758a/regex-2024.11.6-cp313-cp313-macosx_11_0_arm64.whl", hash = "sha256:086a27a0b4ca227941700e0b31425e7a28ef1ae8e5e05a33826e17e47fbfdba0", size = 284617, upload-time = "2024-11-06T20:10:49.312Z" },
    { url = "https://files.pythonhosted.org/packages/fc/fd/37868b75eaf63843165f1d2122ca6cb94bfc0271e4428cf58c0616786dce/regex-2024.11.6-cp313-cp313-manylinux_2_17_aarch64.manylinux2014_aarch64.whl", hash = "sha256:bde01f35767c4a7899b7eb6e823b125a64de314a8ee9791367c9a34d56af18d0", size = 795023, upload-time = "2024-11-06T20:10:51.102Z" },
    { url = "https://files.pythonhosted.org/packages/c4/7c/d4cd9c528502a3dedb5c13c146e7a7a539a3853dc20209c8e75d9ba9d1b2/regex-2024.11.6-cp313-cp313-manylinux_2_17_ppc64le.manylinux2014_ppc64le.whl", hash = "sha256:b583904576650166b3d920d2bcce13971f6f9e9a396c673187f49811b2769dc7", size = 833072, upload-time = "2024-11-06T20:10:52.926Z" },
    { url = "https://files.pythonhosted.org/packages/4f/db/46f563a08f969159c5a0f0e722260568425363bea43bb7ae370becb66a67/regex-2024.11.6-cp313-cp313-manylinux_2_17_s390x.manylinux2014_s390x.whl", hash = "sha256:1c4de13f06a0d54fa0d5ab1b7138bfa0d883220965a29616e3ea61b35d5f5fc7", size = 823130, upload-time = "2024-11-06T20:10:54.828Z" },
    { url = "https://files.pythonhosted.org/packages/db/60/1eeca2074f5b87df394fccaa432ae3fc06c9c9bfa97c5051aed70e6e00c2/regex-2024.11.6-cp313-cp313-manylinux_2_17_x86_64.manylinux2014_x86_64.whl", hash = "sha256:3cde6e9f2580eb1665965ce9bf17ff4952f34f5b126beb509fee8f4e994f143c", size = 796857, upload-time = "2024-11-06T20:10:56.634Z" },
    { url = "https://files.pythonhosted.org/packages/10/db/ac718a08fcee981554d2f7bb8402f1faa7e868c1345c16ab1ebec54b0d7b/regex-2024.11.6-cp313-cp313-manylinux_2_5_i686.manylinux1_i686.manylinux_2_17_i686.manylinux2014_i686.whl", hash = "sha256:0d7f453dca13f40a02b79636a339c5b62b670141e63efd511d3f8f73fba162b3", size = 784006, upload-time = "2024-11-06T20:10:59.369Z" },
    { url = "https://files.pythonhosted.org/packages/c2/41/7da3fe70216cea93144bf12da2b87367590bcf07db97604edeea55dac9ad/regex-2024.11.6-cp313-cp313-musllinux_1_2_aarch64.whl", hash = "sha256:59dfe1ed21aea057a65c6b586afd2a945de04fc7db3de0a6e3ed5397ad491b07", size = 781650, upload-time = "2024-11-06T20:11:02.042Z" },
    { url = "https://files.pythonhosted.org/packages/a7/d5/880921ee4eec393a4752e6ab9f0fe28009435417c3102fc413f3fe81c4e5/regex-2024.11.6-cp313-cp313-musllinux_1_2_i686.whl", hash = "sha256:b97c1e0bd37c5cd7902e65f410779d39eeda155800b65fc4d04cc432efa9bc6e", size = 789545, upload-time = "2024-11-06T20:11:03.933Z" },
    { url = "https://files.pythonhosted.org/packages/dc/96/53770115e507081122beca8899ab7f5ae28ae790bfcc82b5e38976df6a77/regex-2024.11.6-cp313-cp313-musllinux_1_2_ppc64le.whl", hash = "sha256:f9d1e379028e0fc2ae3654bac3cbbef81bf3fd571272a42d56c24007979bafb6", size = 853045, upload-time = "2024-11-06T20:11:06.497Z" },
    { url = "https://files.pythonhosted.org/packages/31/d3/1372add5251cc2d44b451bd94f43b2ec78e15a6e82bff6a290ef9fd8f00a/regex-2024.11.6-cp313-cp313-musllinux_1_2_s390x.whl", hash = "sha256:13291b39131e2d002a7940fb176e120bec5145f3aeb7621be6534e46251912c4", size = 860182, upload-time = "2024-11-06T20:11:09.06Z" },
    { url = "https://files.pythonhosted.org/packages/ed/e3/c446a64984ea9f69982ba1a69d4658d5014bc7a0ea468a07e1a1265db6e2/regex-2024.11.6-cp313-cp313-musllinux_1_2_x86_64.whl", hash = "sha256:4f51f88c126370dcec4908576c5a627220da6c09d0bff31cfa89f2523843316d", size = 787733, upload-time = "2024-11-06T20:11:11.256Z" },
    { url = "https://files.pythonhosted.org/packages/2b/f1/e40c8373e3480e4f29f2692bd21b3e05f296d3afebc7e5dcf21b9756ca1c/regex-2024.11.6-cp313-cp313-win32.whl", hash = "sha256:63b13cfd72e9601125027202cad74995ab26921d8cd935c25f09c630436348ff", size = 262122, upload-time = "2024-11-06T20:11:13.161Z" },
    { url = "https://files.pythonhosted.org/packages/45/94/bc295babb3062a731f52621cdc992d123111282e291abaf23faa413443ea/regex-2024.11.6-cp313-cp313-win_amd64.whl", hash = "sha256:2b3361af3198667e99927da8b84c1b010752fa4b1115ee30beaa332cabc3ef1a", size = 273545, upload-time = "2024-11-06T20:11:15Z" },
]

[[package]]
name = "six"
version = "1.16.0"
source = { registry = "https://pypi.org/simple" }
sdist = { url = "https://files.pythonhosted.org/packages/71/39/171f1c67cd00715f190ba0b100d606d440a28c93c7714febeca8b79af85e/six-1.16.0.tar.gz", hash = "sha256:1e61c37477a1626458e36f7b1d82aa5c9b094fa4802892072e49de9c60c4c926", size = 34041, upload-time = "2021-05-05T14:18:18.379Z" }
wheels = [
    { url = "https://files.pythonhosted.org/packages/d9/5a/e7c31adbe875f2abbb91bd84cf2dc52d792b5a01506781dbcf25c91daf11/six-1.16.0-py2.py3-none-any.whl", hash = "sha256:8abb2f1d86890a2dfb989f9a77cfcfd3e47c2a354b01111771326f8aa26e0254", size = 11053, upload-time = "2021-05-05T14:18:17.237Z" },
]

[[package]]
name = "text-unidecode"
version = "1.3"
source = { registry = "https://pypi.org/simple" }
sdist = { url = "https://files.pythonhosted.org/packages/ab/e2/e9a00f0ccb71718418230718b3d900e71a5d16e701a3dae079a21e9cd8f8/text-unidecode-1.3.tar.gz", hash = "sha256:bad6603bb14d279193107714b288be206cac565dfa49aa5b105294dd5c4aab93", size = 76885, upload-time = "2019-08-30T21:36:45.405Z" }
wheels = [
    { url = "https://files.pythonhosted.org/packages/a6/a5/c0b6468d3824fe3fde30dbb5e1f687b291608f9473681bbf7dabbf5a87d7/text_unidecode-1.3-py2.py3-none-any.whl", hash = "sha256:1311f10e8b895935241623731c2ba64f4c455287888b18189350b67134a822e8", size = 78154, upload-time = "2019-08-30T21:37:03.543Z" },
]
